# This file is automatically @generated by Poetry 1.7.0 and should not be changed by hand.

[[package]]
name = "ordered-set"
version = "4.1.0"
description = "An OrderedSet is a custom MutableSet that remembers its order, so that every"
optional = false
python-versions = ">=3.7"
files = [
    {file = "ordered-set-4.1.0.tar.gz", hash = "sha256:694a8e44c87657c59292ede72891eb91d34131f6531463aab3009191c77364a8"},
    {file = "ordered_set-4.1.0-py3-none-any.whl", hash = "sha256:046e1132c71fcf3330438a539928932caf51ddbc582496833e23de611de14562"},
]

[package.extras]
dev = ["black", "mypy", "pytest"]

[[package]]
name = "pylatex"
version = "1.4.2"
description = "A Python library for creating LaTeX files and snippets"
optional = false
python-versions = "*"
files = [
    {file = "PyLaTeX-1.4.2.tar.gz", hash = "sha256:bb7b21bec57ecdba3f6f44c856ebebdf6549fd6e80661bd44fd5094236729242"},
]

[package.dependencies]
ordered-set = "*"

[package.extras]
all = ["MarkupSafe (==2.0.1)", "alabaster (<0.7.12)", "black", "coverage", "isort", "jinja2 (<3.0)", "matplotlib", "numpy", "pytest (>=4.6)", "pytest-cov", "quantities", "sphinx", "twine"]
docs = ["MarkupSafe (==2.0.1)", "alabaster (<0.7.12)", "jinja2 (<3.0)", "sphinx"]
matplotlib = ["matplotlib"]
matrices = ["numpy"]
packaging = ["twine"]
quantities = ["numpy", "quantities"]
testing = ["black", "coverage", "isort", "pytest (>=4.6)", "pytest-cov"]

[metadata]
lock-version = "2.0"
python-versions = "^3.8"
content-hash = "927143e0586947485014f702d6ad5888b4e9efadecf6d8623b11020f8e0bb846"
